// !$*UTF8*$!
{
	archiveVersion = 1;
	classes = {
	};
	objectVersion = 46;
	objects = {

/* Begin PBXBuildFile section */
		70BF307D1CF1663D00EDD90A /* cityListUS.json in Resources */ = {isa = PBXBuildFile; fileRef = 70BF307C1CF1663D00EDD90A /* cityListUS.json */; };
		70BF307F1CF2009E00EDD90A /* CityCell.swift in Sources */ = {isa = PBXBuildFile; fileRef = 70BF307E1CF2009E00EDD90A /* CityCell.swift */; };
		70BF30811CF716DE00EDD90A /* DayCell.swift in Sources */ = {isa = PBXBuildFile; fileRef = 70BF30801CF716DE00EDD90A /* DayCell.swift */; };
		70BF30831CF716FA00EDD90A /* MainCell.swift in Sources */ = {isa = PBXBuildFile; fileRef = 70BF30821CF716F900EDD90A /* MainCell.swift */; };
		70BF30851CF7191A00EDD90A /* Days.swift in Sources */ = {isa = PBXBuildFile; fileRef = 70BF30841CF7191A00EDD90A /* Days.swift */; };
		70BF30871CFA098100EDD90A /* MainDay.swift in Sources */ = {isa = PBXBuildFile; fileRef = 70BF30861CFA098100EDD90A /* MainDay.swift */; };
		70BF30891CFCF30400EDD90A /* fontSunrise.otf in Resources */ = {isa = PBXBuildFile; fileRef = 70BF30881CFCF30400EDD90A /* fontSunrise.otf */; };
		70D16DE01CEB317300D09DB9 /* CitySelectVC.swift in Sources */ = {isa = PBXBuildFile; fileRef = 70D16DDF1CEB317300D09DB9 /* CitySelectVC.swift */; };
		70D16DE21CEB322C00D09DB9 /* CityCellInfo.swift in Sources */ = {isa = PBXBuildFile; fileRef = 70D16DE11CEB322C00D09DB9 /* CityCellInfo.swift */; };
		70D205281CD6CB99005753EE /* AppDelegate.swift in Sources */ = {isa = PBXBuildFile; fileRef = 70D205271CD6CB99005753EE /* AppDelegate.swift */; };
		70D2052A1CD6CB99005753EE /* ViewController.swift in Sources */ = {isa = PBXBuildFile; fileRef = 70D205291CD6CB99005753EE /* ViewController.swift */; };
		70D2052D1CD6CB99005753EE /* Main.storyboard in Resources */ = {isa = PBXBuildFile; fileRef = 70D2052B1CD6CB99005753EE /* Main.storyboard */; };
		70D205301CD6CB99005753EE /* WeatherApp.xcdatamodeld in Sources */ = {isa = PBXBuildFile; fileRef = 70D2052E1CD6CB99005753EE /* WeatherApp.xcdatamodeld */; };
		70D205321CD6CB99005753EE /* Assets.xcassets in Resources */ = {isa = PBXBuildFile; fileRef = 70D205311CD6CB99005753EE /* Assets.xcassets */; };
		70D205351CD6CB99005753EE /* LaunchScreen.storyboard in Resources */ = {isa = PBXBuildFile; fileRef = 70D205331CD6CB99005753EE /* LaunchScreen.storyboard */; };
		70D205401CD6CC4F005753EE /* DayWeather.swift in Sources */ = {isa = PBXBuildFile; fileRef = 70D2053F1CD6CC4F005753EE /* DayWeather.swift */; };
		70D205431CD6CE6F005753EE /* GlobalConstants.swift in Sources */ = {isa = PBXBuildFile; fileRef = 70D205421CD6CE6F005753EE /* GlobalConstants.swift */; };
		70D99F711D04EBE9007D6CDF /* creditsVC.swift in Sources */ = {isa = PBXBuildFile; fileRef = 70D99F701D04EBE9007D6CDF /* creditsVC.swift */; };
/* End PBXBuildFile section */

/* Begin PBXFileReference section */
		70BF307C1CF1663D00EDD90A /* cityListUS.json */ = {isa = PBXFileReference; fileEncoding = 4; lastKnownFileType = text.json; path = cityListUS.json; sourceTree = "<group>"; };
		70BF307E1CF2009E00EDD90A /* CityCell.swift */ = {isa = PBXFileReference; fileEncoding = 4; lastKnownFileType = sourcecode.swift; path = CityCell.swift; sourceTree = "<group>"; };
		70BF30801CF716DE00EDD90A /* DayCell.swift */ = {isa = PBXFileReference; fileEncoding = 4; lastKnownFileType = sourcecode.swift; path = DayCell.swift; sourceTree = "<group>"; };
		70BF30821CF716F900EDD90A /* MainCell.swift */ = {isa = PBXFileReference; fileEncoding = 4; lastKnownFileType = sourcecode.swift; path = MainCell.swift; sourceTree = "<group>"; };
		70BF30841CF7191A00EDD90A /* Days.swift */ = {isa = PBXFileReference; fileEncoding = 4; lastKnownFileType = sourcecode.swift; path = Days.swift; sourceTree = "<group>"; };
		70BF30861CFA098100EDD90A /* MainDay.swift */ = {isa = PBXFileReference; fileEncoding = 4; lastKnownFileType = sourcecode.swift; path = MainDay.swift; sourceTree = "<group>"; };
		70BF30881CFCF30400EDD90A /* fontSunrise.otf */ = {isa = PBXFileReference; lastKnownFileType = file; path = fontSunrise.otf; sourceTree = "<group>"; };
		70D16DDF1CEB317300D09DB9 /* CitySelectVC.swift */ = {isa = PBXFileReference; fileEncoding = 4; lastKnownFileType = sourcecode.swift; path = CitySelectVC.swift; sourceTree = "<group>"; };
		70D16DE11CEB322C00D09DB9 /* CityCellInfo.swift */ = {isa = PBXFileReference; fileEncoding = 4; lastKnownFileType = sourcecode.swift; path = CityCellInfo.swift; sourceTree = "<group>"; };
		70D205241CD6CB99005753EE /* WeatherApp.app */ = {isa = PBXFileReference; explicitFileType = wrapper.application; includeInIndex = 0; path = WeatherApp.app; sourceTree = BUILT_PRODUCTS_DIR; };
		70D205271CD6CB99005753EE /* AppDelegate.swift */ = {isa = PBXFileReference; lastKnownFileType = sourcecode.swift; path = AppDelegate.swift; sourceTree = "<group>"; };
		70D205291CD6CB99005753EE /* ViewController.swift */ = {isa = PBXFileReference; lastKnownFileType = sourcecode.swift; path = ViewController.swift; sourceTree = "<group>"; };
		70D2052C1CD6CB99005753EE /* Base */ = {isa = PBXFileReference; lastKnownFileType = file.storyboard; name = Base; path = Base.lproj/Main.storyboard; sourceTree = "<group>"; };
		70D2052F1CD6CB99005753EE /* WeatherApp.xcdatamodel */ = {isa = PBXFileReference; lastKnownFileType = wrapper.xcdatamodel; path = WeatherApp.xcdatamodel; sourceTree = "<group>"; };
		70D205311CD6CB99005753EE /* Assets.xcassets */ = {isa = PBXFileReference; lastKnownFileType = folder.assetcatalog; path = Assets.xcassets; sourceTree = "<group>"; };
		70D205341CD6CB99005753EE /* Base */ = {isa = PBXFileReference; lastKnownFileType = file.storyboard; name = Base; path = Base.lproj/LaunchScreen.storyboard; sourceTree = "<group>"; };
		70D205361CD6CB99005753EE /* Info.plist */ = {isa = PBXFileReference; lastKnownFileType = text.plist.xml; path = Info.plist; sourceTree = "<group>"; };
		70D2053F1CD6CC4F005753EE /* DayWeather.swift */ = {isa = PBXFileReference; fileEncoding = 4; lastKnownFileType = sourcecode.swift; path = DayWeather.swift; sourceTree = "<group>"; };
		70D205421CD6CE6F005753EE /* GlobalConstants.swift */ = {isa = PBXFileReference; fileEncoding = 4; lastKnownFileType = sourcecode.swift; path = GlobalConstants.swift; sourceTree = "<group>"; };
		70D99F701D04EBE9007D6CDF /* creditsVC.swift */ = {isa = PBXFileReference; fileEncoding = 4; lastKnownFileType = sourcecode.swift; path = creditsVC.swift; sourceTree = "<group>"; };
/* End PBXFileReference section */

/* Begin PBXFrameworksBuildPhase section */
		70D205211CD6CB99005753EE /* Frameworks */ = {
			isa = PBXFrameworksBuildPhase;
			buildActionMask = 2147483647;
			files = (
			);
			runOnlyForDeploymentPostprocessing = 0;
		};
/* End PBXFrameworksBuildPhase section */

/* Begin PBXGroup section */
		70D2051B1CD6CB99005753EE = {
			isa = PBXGroup;
			children = (
				70D205261CD6CB99005753EE /* WeatherApp */,
				70D205251CD6CB99005753EE /* Products */,
			);
			sourceTree = "<group>";
		};
		70D205251CD6CB99005753EE /* Products */ = {
			isa = PBXGroup;
			children = (
				70D205241CD6CB99005753EE /* WeatherApp.app */,
			);
			name = Products;
			sourceTree = "<group>";
		};
		70D205261CD6CB99005753EE /* WeatherApp */ = {
			isa = PBXGroup;
			children = (
				70D205411CD6CE56005753EE /* Resources */,
				70D2053E1CD6CC2B005753EE /* Controller */,
				70D2053D1CD6CC27005753EE /* View */,
				70D2053C1CD6CC1F005753EE /* Model */,
				70D205271CD6CB99005753EE /* AppDelegate.swift */,
				70D205311CD6CB99005753EE /* Assets.xcassets */,
				70D205331CD6CB99005753EE /* LaunchScreen.storyboard */,
				70D205361CD6CB99005753EE /* Info.plist */,
				70D2052E1CD6CB99005753EE /* WeatherApp.xcdatamodeld */,
			);
			path = WeatherApp;
			sourceTree = "<group>";
		};
		70D2053C1CD6CC1F005753EE /* Model */ = {
			isa = PBXGroup;
			children = (
				70BF30841CF7191A00EDD90A /* Days.swift */,
				70D2053F1CD6CC4F005753EE /* DayWeather.swift */,
				70D16DE11CEB322C00D09DB9 /* CityCellInfo.swift */,
				70BF30861CFA098100EDD90A /* MainDay.swift */,
			);
			name = Model;
			sourceTree = "<group>";
		};
		70D2053D1CD6CC27005753EE /* View */ = {
			isa = PBXGroup;
			children = (
				70D2052B1CD6CB99005753EE /* Main.storyboard */,
				70BF307E1CF2009E00EDD90A /* CityCell.swift */,
				70BF30801CF716DE00EDD90A /* DayCell.swift */,
				70BF30821CF716F900EDD90A /* MainCell.swift */,
			);
			name = View;
			sourceTree = "<group>";
		};
		70D2053E1CD6CC2B005753EE /* Controller */ = {
			isa = PBXGroup;
			children = (
				70D205291CD6CB99005753EE /* ViewController.swift */,
				70D16DDF1CEB317300D09DB9 /* CitySelectVC.swift */,
				70D99F701D04EBE9007D6CDF /* creditsVC.swift */,
			);
			name = Controller;
			sourceTree = "<group>";
		};
		70D205411CD6CE56005753EE /* Resources */ = {
			isa = PBXGroup;
			children = (
				70D205421CD6CE6F005753EE /* GlobalConstants.swift */,
				70BF307C1CF1663D00EDD90A /* cityListUS.json */,
				70BF30881CFCF30400EDD90A /* fontSunrise.otf */,
			);
			name = Resources;
			sourceTree = "<group>";
		};
/* End PBXGroup section */

/* Begin PBXNativeTarget section */
		70D205231CD6CB99005753EE /* WeatherApp */ = {
			isa = PBXNativeTarget;
			buildConfigurationList = 70D205391CD6CB99005753EE /* Build configuration list for PBXNativeTarget "WeatherApp" */;
			buildPhases = (
				70D205201CD6CB99005753EE /* Sources */,
				70D205211CD6CB99005753EE /* Frameworks */,
				70D205221CD6CB99005753EE /* Resources */,
			);
			buildRules = (
			);
			dependencies = (
			);
			name = WeatherApp;
			productName = WeatherApp;
			productReference = 70D205241CD6CB99005753EE /* WeatherApp.app */;
			productType = "com.apple.product-type.application";
		};
/* End PBXNativeTarget section */

/* Begin PBXProject section */
		70D2051C1CD6CB99005753EE /* Project object */ = {
			isa = PBXProject;
			attributes = {
				LastSwiftUpdateCheck = 0720;
				LastUpgradeCheck = 0720;
				ORGANIZATIONNAME = DLEE;
				TargetAttributes = {
					70D205231CD6CB99005753EE = {
						CreatedOnToolsVersion = 7.2;
					};
				};
			};
			buildConfigurationList = 70D2051F1CD6CB99005753EE /* Build configuration list for PBXProject "WeatherApp" */;
			compatibilityVersion = "Xcode 3.2";
			developmentRegion = English;
			hasScannedForEncodings = 0;
			knownRegions = (
				en,
				Base,
			);
			mainGroup = 70D2051B1CD6CB99005753EE;
			productRefGroup = 70D205251CD6CB99005753EE /* Products */;
			projectDirPath = "";
			projectRoot = "";
			targets = (
				70D205231CD6CB99005753EE /* WeatherApp */,
			);
		};
/* End PBXProject section */

/* Begin PBXResourcesBuildPhase section */
		70D205221CD6CB99005753EE /* Resources */ = {
			isa = PBXResourcesBuildPhase;
			buildActionMask = 2147483647;
			files = (
				70BF307D1CF1663D00EDD90A /* cityListUS.json in Resources */,
				70D205351CD6CB99005753EE /* LaunchScreen.storyboard in Resources */,
				70BF30891CFCF30400EDD90A /* fontSunrise.otf in Resources */,
				70D205321CD6CB99005753EE /* Assets.xcassets in Resources */,
				70D2052D1CD6CB99005753EE /* Main.storyboard in Resources */,
			);
			runOnlyForDeploymentPostprocessing = 0;
		};
/* End PBXResourcesBuildPhase section */

/* Begin PBXSourcesBuildPhase section */
		70D205201CD6CB99005753EE /* Sources */ = {
			isa = PBXSourcesBuildPhase;
			buildActionMask = 2147483647;
			files = (
				70D205301CD6CB99005753EE /* WeatherApp.xcdatamodeld in Sources */,
				70BF30811CF716DE00EDD90A /* DayCell.swift in Sources */,
				70D205401CD6CC4F005753EE /* DayWeather.swift in Sources */,
				70BF30871CFA098100EDD90A /* MainDay.swift in Sources */,
				70BF307F1CF2009E00EDD90A /* CityCell.swift in Sources */,
				70D99F711D04EBE9007D6CDF /* creditsVC.swift in Sources */,
				70BF30831CF716FA00EDD90A /* MainCell.swift in Sources */,
				70D205431CD6CE6F005753EE /* GlobalConstants.swift in Sources */,
				70D16DE01CEB317300D09DB9 /* CitySelectVC.swift in Sources */,
				70D2052A1CD6CB99005753EE /* ViewController.swift in Sources */,
				70D16DE21CEB322C00D09DB9 /* CityCellInfo.swift in Sources */,
				70BF30851CF7191A00EDD90A /* Days.swift in Sources */,
				70D205281CD6CB99005753EE /* AppDelegate.swift in Sources */,
			);
			runOnlyForDeploymentPostprocessing = 0;
		};
/* End PBXSourcesBuildPhase section */

/* Begin PBXVariantGroup section */
		70D2052B1CD6CB99005753EE /* Main.storyboard */ = {
			isa = PBXVariantGroup;
			children = (
				70D2052C1CD6CB99005753EE /* Base */,
			);
			name = Main.storyboard;
			sourceTree = "<group>";
		};
		70D205331CD6CB99005753EE /* LaunchScreen.storyboard */ = {
			isa = PBXVariantGroup;
			children = (
				70D205341CD6CB99005753EE /* Base */,
			);
			name = LaunchScreen.storyboard;
			sourceTree = "<group>";
		};
/* End PBXVariantGroup section */

/* Begin XCBuildConfiguration section */
		70D205371CD6CB99005753EE /* Debug */ = {
			isa = XCBuildConfiguration;
			buildSettings = {
				ALWAYS_SEARCH_USER_PATHS = NO;
				CLANG_CXX_LANGUAGE_STANDARD = "gnu++0x";
				CLANG_CXX_LIBRARY = "libc++";
				CLANG_ENABLE_MODULES = YES;
				CLANG_ENABLE_OBJC_ARC = YES;
				CLANG_WARN_BOOL_CONVERSION = YES;
				CLANG_WARN_CONSTANT_CONVERSION = YES;
				CLANG_WARN_DIRECT_OBJC_ISA_USAGE = YES_ERROR;
				CLANG_WARN_EMPTY_BODY = YES;
				CLANG_WARN_ENUM_CONVERSION = YES;
				CLANG_WARN_INT_CONVERSION = YES;
				CLANG_WARN_OBJC_ROOT_CLASS = YES_ERROR;
				CLANG_WARN_UNREACHABLE_CODE = YES;
				CLANG_WARN__DUPLICATE_METHOD_MATCH = YES;
				"CODE_SIGN_IDENTITY[sdk=iphoneos*]" = "iPhone Developer";
				COPY_PHASE_STRIP = NO;
				DEBUG_INFORMATION_FORMAT = dwarf;
				ENABLE_STRICT_OBJC_MSGSEND = YES;
				ENABLE_TESTABILITY = YES;
				GCC_C_LANGUAGE_STANDARD = gnu99;
				GCC_DYNAMIC_NO_PIC = NO;
				GCC_NO_COMMON_BLOCKS = YES;
				GCC_OPTIMIZATION_LEVEL = 0;
				GCC_PREPROCESSOR_DEFINITIONS = (
					"DEBUG=1",
					"$(inherited)",
				);
				GCC_WARN_64_TO_32_BIT_CONVERSION = YES;
				GCC_WARN_ABOUT_RETURN_TYPE = YES_ERROR;
				GCC_WARN_UNDECLARED_SELECTOR = YES;
				GCC_WARN_UNINITIALIZED_AUTOS = YES_AGGRESSIVE;
				GCC_WARN_UNUSED_FUNCTION = YES;
				GCC_WARN_UNUSED_VARIABLE = YES;
				IPHONEOS_DEPLOYMENT_TARGET = 9.2;
				MTL_ENABLE_DEBUG_INFO = YES;
				ONLY_ACTIVE_ARCH = YES;
				SDKROOT = iphoneos;
				SWIFT_OPTIMIZATION_LEVEL = "-Onone";
			};
			name = Debug;
		};
		70D205381CD6CB99005753EE /* Release */ = {
			isa = XCBuildConfiguration;
			buildSettings = {
				ALWAYS_SEARCH_USER_PATHS = NO;
				CLANG_CXX_LANGUAGE_STANDARD = "gnu++0x";
				CLANG_CXX_LIBRARY = "libc++";
				CLANG_ENABLE_MODULES = YES;
				CLANG_ENABLE_OBJC_ARC = YES;
				CLANG_WARN_BOOL_CONVERSION = YES;
				CLANG_WARN_CONSTANT_CONVERSION = YES;
				CLANG_WARN_DIRECT_OBJC_ISA_USAGE = YES_ERROR;
				CLANG_WARN_EMPTY_BODY = YES;
				CLANG_WARN_ENUM_CONVERSION = YES;
				CLANG_WARN_INT_CONVERSION = YES;
				CLANG_WARN_OBJC_ROOT_CLASS = YES_ERROR;
				CLANG_WARN_UNREACHABLE_CODE = YES;
				CLANG_WARN__DUPLICATE_METHOD_MATCH = YES;
				"CODE_SIGN_IDENTITY[sdk=iphoneos*]" = "iPhone Developer";
				COPY_PHASE_STRIP = NO;
				DEBUG_INFORMATION_FORMAT = "dwarf-with-dsym";
				ENABLE_NS_ASSERTIONS = NO;
				ENABLE_STRICT_OBJC_MSGSEND = YES;
				GCC_C_LANGUAGE_STANDARD = gnu99;
				GCC_NO_COMMON_BLOCKS = YES;
				GCC_WARN_64_TO_32_BIT_CONVERSION = YES;
				GCC_WARN_ABOUT_RETURN_TYPE = YES_ERROR;
				GCC_WARN_UNDECLARED_SELECTOR = YES;
				GCC_WARN_UNINITIALIZED_AUTOS = YES_AGGRESSIVE;
				GCC_WARN_UNUSED_FUNCTION = YES;
				GCC_WARN_UNUSED_VARIABLE = YES;
				IPHONEOS_DEPLOYMENT_TARGET = 9.2;
				MTL_ENABLE_DEBUG_INFO = NO;
				SDKROOT = iphoneos;
				VALIDATE_PRODUCT = YES;
			};
			name = Release;
		};
		70D2053A1CD6CB99005753EE /* Debug */ = {
			isa = XCBuildConfiguration;
			buildSettings = {
				ASSETCATALOG_COMPILER_APPICON_NAME = AppIcon;
				INFOPLIST_FILE = WeatherApp/Info.plist;
				LD_RUNPATH_SEARCH_PATHS = "$(inherited) @executable_path/Frameworks";
				PRODUCT_BUNDLE_IDENTIFIER = dlee923.WeatherApp;
				PRODUCT_NAME = "$(TARGET_NAME)";
			};
			name = Debug;
		};
		70D2053B1CD6CB99005753EE /* Release */ = {
			isa = XCBuildConfiguration;
			buildSettings = {
				ASSETCATALOG_COMPILER_APPICON_NAME = AppIcon;
				INFOPLIST_FILE = WeatherApp/Info.plist;
				LD_RUNPATH_SEARCH_PATHS = "$(inherited) @executable_path/Frameworks";
				PRODUCT_BUNDLE_IDENTIFIER = dlee923.WeatherApp;
				PRODUCT_NAME = "$(TARGET_NAME)";
			};
			name = Release;
		};
/* End XCBuildConfiguration section */

/* Begin XCConfigurationList section */
		70D2051F1CD6CB99005753EE /* Build configuration list for PBXProject "WeatherApp" */ = {
			isa = XCConfigurationList;
			buildConfigurations = (
				70D205371CD6CB99005753EE /* Debug */,
				70D205381CD6CB99005753EE /* Release */,
			);
			defaultConfigurationIsVisible = 0;
			defaultConfigurationName = Release;
		};
		70D205391CD6CB99005753EE /* Build configuration list for PBXNativeTarget "WeatherApp" */ = {
			isa = XCConfigurationList;
			buildConfigurations = (
				70D2053A1CD6CB99005753EE /* Debug */,
				70D2053B1CD6CB99005753EE /* Release */,
			);
			defaultConfigurationIsVisible = 0;
			defaultConfigurationName = Release;
		};
/* End XCConfigurationList section */

/* Begin XCVersionGroup section */
		70D2052E1CD6CB99005753EE /* WeatherApp.xcdatamodeld */ = {
			isa = XCVersionGroup;
			children = (
				70D2052F1CD6CB99005753EE /* WeatherApp.xcdatamodel */,
			);
			currentVersion = 70D2052F1CD6CB99005753EE /* WeatherApp.xcdatamodel */;
			path = WeatherApp.xcdatamodeld;
			sourceTree = "<group>";
			versionGroupType = wrapper.xcdatamodel;
		};
/* End XCVersionGroup section */
	};
	rootObject = 70D2051C1CD6CB99005753EE /* Project object */;
}
